
Microsoft Visual Studio Solution File, Format Version 11.00
# Visual Studio 2010
Project("{FAE04EC0-301F-11D3-BF4B-00C04F79EFBC}") = "Wif.Swt", "Wif.Swt\Wif.Swt.csproj", "{C6130D15-9799-4526-BDCD-91347BF1E9C6}"
EndProject
Project("{FAE04EC0-301F-11D3-BF4B-00C04F79EFBC}") = "Wif.Swt.NuGet", "Wif.Swt.NuGet\Wif.Swt.NuGet.csproj", "{736D3056-CDDE-4FC7-B211-2594E677BB5A}"
EndProject
Global
	GlobalSection(SolutionConfigurationPlatforms) = preSolution
		Debug|Any CPU = Debug|Any CPU
		Release|Any CPU = Release|Any CPU
	EndGlobalSection
	GlobalSection(ProjectConfigurationPlatforms) = postSolution
		{C6130D15-9799-4526-BDCD-91347BF1E9C6}.Debug|Any CPU.ActiveCfg = Debug|Any CPU
		{C6130D15-9799-4526-BDCD-91347BF1E9C6}.Debug|Any CPU.Build.0 = Debug|Any CPU
		{C6130D15-9799-4526-BDCD-91347BF1E9C6}.Release|Any CPU.ActiveCfg = Release|Any CPU
		{C6130D15-9799-4526-BDCD-91347BF1E9C6}.Release|Any CPU.Build.0 = Release|Any CPU
		{736D3056-CDDE-4FC7-B211-2594E677BB5A}.Debug|Any CPU.ActiveCfg = Debug|Any CPU
		{736D3056-CDDE-4FC7-B211-2594E677BB5A}.Debug|Any CPU.Build.0 = Debug|Any CPU
		{736D3056-CDDE-4FC7-B211-2594E677BB5A}.Release|Any CPU.ActiveCfg = Release|Any CPU
		{736D3056-CDDE-4FC7-B211-2594E677BB5A}.Release|Any CPU.Build.0 = Release|Any CPU
	EndGlobalSection
	GlobalSection(SolutionProperties) = preSolution
		HideSolutionNode = FALSE
	EndGlobalSection
EndGlobal
